
Microsoft Visual Studio Solution File, Format Version 12.00
# Visual Studio Version 16
VisualStudioVersion = 16.0.31702.278
MinimumVisualStudioVersion = 10.0.40219.1
Project("{FAE04EC0-301F-11D3-BF4B-00C04F79EFBC}") = "UC5Password", "UC5Password.csproj", "{075FCB3C-6518-4A28-BA40-ED72D84BF4C2}"
EndProject
Global
	GlobalSection(SolutionConfigurationPlatforms) = preSolution
		Debug|Any CPU = Debug|Any CPU
		Release|Any CPU = Release|Any CPU
	EndGlobalSection
	GlobalSection(ProjectConfigurationPlatforms) = postSolution
		{075FCB3C-6518-4A28-BA40-ED72D84BF4C2}.Debug|Any CPU.ActiveCfg = Debug|Any CPU
		{075FCB3C-6518-4A28-BA40-ED72D84BF4C2}.Debug|Any CPU.Build.0 = Debug|Any CPU
		{075FCB3C-6518-4A28-BA40-ED72D84BF4C2}.Release|Any CPU.ActiveCfg = Release|Any CPU
		{075FCB3C-6518-4A28-BA40-ED72D84BF4C2}.Release|Any CPU.Build.0 = Release|Any CPU
	EndGlobalSection
	GlobalSection(SolutionProperties) = preSolution
		HideSolutionNode = FALSE
	EndGlobalSection
	GlobalSection(ExtensibilityGlobals) = postSolution
		SolutionGuid = {591041C3-D56F-4006-A52D-230BF1D3A56F}
	EndGlobalSection
EndGlobal
